
Microsoft Visual Studio Solution File, Format Version 12.00
# Visual Studio Version 16
VisualStudioVersion = 16.0.33027.164
MinimumVisualStudioVersion = 10.0.40219.1
Project("{9A19103F-16F7-4668-BE54-9A1E7A4F7556}") = "CustomerAPI", "CustomerAPI\CustomerAPI.csproj", "{0A9FEBC2-BEA0-4802-9313-4E9492B4AAB0}"
EndProject
Global
	GlobalSection(SolutionConfigurationPlatforms) = preSolution
		Debug|Any CPU = Debug|Any CPU
		Release|Any CPU = Release|Any CPU
	EndGlobalSection
	GlobalSection(ProjectConfigurationPlatforms) = postSolution
		{0A9FEBC2-BEA0-4802-9313-4E9492B4AAB0}.Debug|Any CPU.ActiveCfg = Debug|Any CPU
		{0A9FEBC2-BEA0-4802-9313-4E9492B4AAB0}.Debug|Any CPU.Build.0 = Debug|Any CPU
		{0A9FEBC2-BEA0-4802-9313-4E9492B4AAB0}.Release|Any CPU.ActiveCfg = Release|Any CPU
		{0A9FEBC2-BEA0-4802-9313-4E9492B4AAB0}.Release|Any CPU.Build.0 = Release|Any CPU
	EndGlobalSection
	GlobalSection(SolutionProperties) = preSolution
		HideSolutionNode = FALSE
	EndGlobalSection
	GlobalSection(ExtensibilityGlobals) = postSolution
		SolutionGuid = {965AA823-AC1A-4E6B-9CF6-766F9932B9F8}
	EndGlobalSection
EndGlobal
